
Microsoft Visual Studio Solution File, Format Version 12.00
# Visual Studio Version 17
VisualStudioVersion = 17.14.37027.9 d17.14
MinimumVisualStudioVersion = 10.0.40219.1
Project("{FAE04EC0-301F-11D3-BF4B-00C04F79EFBC}") = "SkiVerhuur", "SkiVerhuur.csproj", "{F2F3C746-6749-4643-ADB0-458EBA994859}"
EndProject
Project("{FAE04EC0-301F-11D3-BF4B-00C04F79EFBC}") = "SvLib", "..\SvLib\SvLib.csproj", "{D8C22412-F7FF-44C6-AAA0-7F59A06B15DC}"
EndProject
Global
	GlobalSection(SolutionConfigurationPlatforms) = preSolution
		Debug|Any CPU = Debug|Any CPU
		Release|Any CPU = Release|Any CPU
	EndGlobalSection
	GlobalSection(ProjectConfigurationPlatforms) = postSolution
		{F2F3C746-6749-4643-ADB0-458EBA994859}.Debug|Any CPU.ActiveCfg = Debug|Any CPU
		{F2F3C746-6749-4643-ADB0-458EBA994859}.Debug|Any CPU.Build.0 = Debug|Any CPU
		{F2F3C746-6749-4643-ADB0-458EBA994859}.Release|Any CPU.ActiveCfg = Release|Any CPU
		{F2F3C746-6749-4643-ADB0-458EBA994859}.Release|Any CPU.Build.0 = Release|Any CPU
		{D8C22412-F7FF-44C6-AAA0-7F59A06B15DC}.Debug|Any CPU.ActiveCfg = Debug|Any CPU
		{D8C22412-F7FF-44C6-AAA0-7F59A06B15DC}.Debug|Any CPU.Build.0 = Debug|Any CPU
		{D8C22412-F7FF-44C6-AAA0-7F59A06B15DC}.Release|Any CPU.ActiveCfg = Release|Any CPU
		{D8C22412-F7FF-44C6-AAA0-7F59A06B15DC}.Release|Any CPU.Build.0 = Release|Any CPU
	EndGlobalSection
	GlobalSection(SolutionProperties) = preSolution
		HideSolutionNode = FALSE
	EndGlobalSection
	GlobalSection(ExtensibilityGlobals) = postSolution
		SolutionGuid = {0F3023AF-421C-4D79-9E51-E7D2E5668B78}
	EndGlobalSection
EndGlobal
